
Microsoft Visual Studio Solution File, Format Version 12.00
# Visual Studio Version 16
VisualStudioVersion = 16.0.29806.167
MinimumVisualStudioVersion = 10.0.40219.1
Project("{FAE04EC0-301F-11D3-BF4B-00C04F79EFBC}") = "PDFPOC.Android", "PDFPOC\PDFPOC.Android\PDFPOC.Android.csproj", "{897DC5F0-A6E4-4C4D-B21E-C89BAE02FFC8}"
EndProject
Project("{FAE04EC0-301F-11D3-BF4B-00C04F79EFBC}") = "PDFPOC.iOS", "PDFPOC\PDFPOC.iOS\PDFPOC.iOS.csproj", "{2371423F-842E-46D4-A378-F2F95EE5BF26}"
EndProject
Project("{FAE04EC0-301F-11D3-BF4B-00C04F79EFBC}") = "PDFPOC", "PDFPOC\PDFPOC\PDFPOC.csproj", "{968035BB-63D8-447B-8674-73D7759F277C}"
EndProject
Global
	GlobalSection(SolutionConfigurationPlatforms) = preSolution
		Debug|Any CPU = Debug|Any CPU
		Debug|iPhone = Debug|iPhone
		Debug|iPhoneSimulator = Debug|iPhoneSimulator
		Release|Any CPU = Release|Any CPU
		Release|iPhone = Release|iPhone
		Release|iPhoneSimulator = Release|iPhoneSimulator
	EndGlobalSection
	GlobalSection(ProjectConfigurationPlatforms) = postSolution
		{897DC5F0-A6E4-4C4D-B21E-C89BAE02FFC8}.Debug|Any CPU.ActiveCfg = Debug|Any CPU
		{897DC5F0-A6E4-4C4D-B21E-C89BAE02FFC8}.Debug|Any CPU.Build.0 = Debug|Any CPU
		{897DC5F0-A6E4-4C4D-B21E-C89BAE02FFC8}.Debug|Any CPU.Deploy.0 = Debug|Any CPU
		{897DC5F0-A6E4-4C4D-B21E-C89BAE02FFC8}.Debug|iPhone.ActiveCfg = Debug|Any CPU
		{897DC5F0-A6E4-4C4D-B21E-C89BAE02FFC8}.Debug|iPhone.Build.0 = Debug|Any CPU
		{897DC5F0-A6E4-4C4D-B21E-C89BAE02FFC8}.Debug|iPhone.Deploy.0 = Debug|Any CPU
		{897DC5F0-A6E4-4C4D-B21E-C89BAE02FFC8}.Debug|iPhoneSimulator.ActiveCfg = Debug|Any CPU
		{897DC5F0-A6E4-4C4D-B21E-C89BAE02FFC8}.Debug|iPhoneSimulator.Build.0 = Debug|Any CPU
		{897DC5F0-A6E4-4C4D-B21E-C89BAE02FFC8}.Debug|iPhoneSimulator.Deploy.0 = Debug|Any CPU
		{897DC5F0-A6E4-4C4D-B21E-C89BAE02FFC8}.Release|Any CPU.ActiveCfg = Release|Any CPU
		{897DC5F0-A6E4-4C4D-B21E-C89BAE02FFC8}.Release|Any CPU.Build.0 = Release|Any CPU
		{897DC5F0-A6E4-4C4D-B21E-C89BAE02FFC8}.Release|Any CPU.Deploy.0 = Release|Any CPU
		{897DC5F0-A6E4-4C4D-B21E-C89BAE02FFC8}.Release|iPhone.ActiveCfg = Release|Any CPU
		{897DC5F0-A6E4-4C4D-B21E-C89BAE02FFC8}.Release|iPhone.Build.0 = Release|Any CPU
		{897DC5F0-A6E4-4C4D-B21E-C89BAE02FFC8}.Release|iPhone.Deploy.0 = Release|Any CPU
		{897DC5F0-A6E4-4C4D-B21E-C89BAE02FFC8}.Release|iPhoneSimulator.ActiveCfg = Release|Any CPU
		{897DC5F0-A6E4-4C4D-B21E-C89BAE02FFC8}.Release|iPhoneSimulator.Build.0 = Release|Any CPU
		{897DC5F0-A6E4-4C4D-B21E-C89BAE02FFC8}.Release|iPhoneSimulator.Deploy.0 = Release|Any CPU
		{2371423F-842E-46D4-A378-F2F95EE5BF26}.Debug|Any CPU.ActiveCfg = Debug|iPhoneSimulator
		{2371423F-842E-46D4-A378-F2F95EE5BF26}.Debug|Any CPU.Build.0 = Debug|iPhoneSimulator
		{2371423F-842E-46D4-A378-F2F95EE5BF26}.Debug|Any CPU.Deploy.0 = Debug|iPhoneSimulator
		{2371423F-842E-46D4-A378-F2F95EE5BF26}.Debug|iPhone.ActiveCfg = Debug|iPhone
		{2371423F-842E-46D4-A378-F2F95EE5BF26}.Debug|iPhone.Build.0 = Debug|iPhone
		{2371423F-842E-46D4-A378-F2F95EE5BF26}.Debug|iPhone.Deploy.0 = Debug|iPhone
		{2371423F-842E-46D4-A378-F2F95EE5BF26}.Debug|iPhoneSimulator.ActiveCfg = Debug|iPhoneSimulator
		{2371423F-842E-46D4-A378-F2F95EE5BF26}.Debug|iPhoneSimulator.Build.0 = Debug|iPhoneSimulator
		{2371423F-842E-46D4-A378-F2F95EE5BF26}.Debug|iPhoneSimulator.Deploy.0 = Debug|iPhoneSimulator
		{2371423F-842E-46D4-A378-F2F95EE5BF26}.Release|Any CPU.ActiveCfg = Release|iPhone
		{2371423F-842E-46D4-A378-F2F95EE5BF26}.Release|Any CPU.Build.0 = Release|iPhone
		{2371423F-842E-46D4-A378-F2F95EE5BF26}.Release|Any CPU.Deploy.0 = Release|iPhone
		{2371423F-842E-46D4-A378-F2F95EE5BF26}.Release|iPhone.ActiveCfg = Release|iPhone
		{2371423F-842E-46D4-A378-F2F95EE5BF26}.Release|iPhone.Build.0 = Release|iPhone
		{2371423F-842E-46D4-A378-F2F95EE5BF26}.Release|iPhone.Deploy.0 = Release|iPhone
		{2371423F-842E-46D4-A378-F2F95EE5BF26}.Release|iPhoneSimulator.ActiveCfg = Release|iPhoneSimulator
		{2371423F-842E-46D4-A378-F2F95EE5BF26}.Release|iPhoneSimulator.Build.0 = Release|iPhoneSimulator
		{2371423F-842E-46D4-A378-F2F95EE5BF26}.Release|iPhoneSimulator.Deploy.0 = Release|iPhoneSimulator
		{968035BB-63D8-447B-8674-73D7759F277C}.Debug|Any CPU.ActiveCfg = Debug|Any CPU
		{968035BB-63D8-447B-8674-73D7759F277C}.Debug|Any CPU.Build.0 = Debug|Any CPU
		{968035BB-63D8-447B-8674-73D7759F277C}.Debug|Any CPU.Deploy.0 = Debug|Any CPU
		{968035BB-63D8-447B-8674-73D7759F277C}.Debug|iPhone.ActiveCfg = Debug|Any CPU
		{968035BB-63D8-447B-8674-73D7759F277C}.Debug|iPhone.Build.0 = Debug|Any CPU
		{968035BB-63D8-447B-8674-73D7759F277C}.Debug|iPhone.Deploy.0 = Debug|Any CPU
		{968035BB-63D8-447B-8674-73D7759F277C}.Debug|iPhoneSimulator.ActiveCfg = Debug|Any CPU
		{968035BB-63D8-447B-8674-73D7759F277C}.Debug|iPhoneSimulator.Build.0 = Debug|Any CPU
		{968035BB-63D8-447B-8674-73D7759F277C}.Debug|iPhoneSimulator.Deploy.0 = Debug|Any CPU
		{968035BB-63D8-447B-8674-73D7759F277C}.Release|Any CPU.ActiveCfg = Release|Any CPU
		{968035BB-63D8-447B-8674-73D7759F277C}.Release|Any CPU.Build.0 = Release|Any CPU
		{968035BB-63D8-447B-8674-73D7759F277C}.Release|Any CPU.Deploy.0 = Release|Any CPU
		{968035BB-63D8-447B-8674-73D7759F277C}.Release|iPhone.ActiveCfg = Release|Any CPU
		{968035BB-63D8-447B-8674-73D7759F277C}.Release|iPhone.Build.0 = Release|Any CPU
		{968035BB-63D8-447B-8674-73D7759F277C}.Release|iPhone.Deploy.0 = Release|Any CPU
		{968035BB-63D8-447B-8674-73D7759F277C}.Release|iPhoneSimulator.ActiveCfg = Release|Any CPU
		{968035BB-63D8-447B-8674-73D7759F277C}.Release|iPhoneSimulator.Build.0 = Release|Any CPU
		{968035BB-63D8-447B-8674-73D7759F277C}.Release|iPhoneSimulator.Deploy.0 = Release|Any CPU
	EndGlobalSection
	GlobalSection(SolutionProperties) = preSolution
		HideSolutionNode = FALSE
	EndGlobalSection
	GlobalSection(ExtensibilityGlobals) = postSolution
		SolutionGuid = {3BE98355-6E01-49AD-B7C1-8D6521738B00}
	EndGlobalSection
EndGlobal
